
Microsoft Visual Studio Solution File, Format Version 12.00
# Visual Studio 15
VisualStudioVersion = 15.0.26430.15
MinimumVisualStudioVersion = 10.0.40219.1
Project("{FAE04EC0-301F-11D3-BF4B-00C04F79EFBC}") = "ddevernote.Model", "Model\ddevernote.Model.csproj", "{0D967179-20FC-410D-BD51-6EDEF1384E00}"
EndProject
Project("{FAE04EC0-301F-11D3-BF4B-00C04F79EFBC}") = "ddevernote.DataLayer", "DataLayer\ddevernote.DataLayer.csproj", "{8AEE7647-8724-4ABF-82D2-88D9FCE14F8D}"
EndProject
Project("{FAE04EC0-301F-11D3-BF4B-00C04F79EFBC}") = "ddevernote.DataLayer.Sql", "ddevernote.DataLayer.Sql\ddevernote.DataLayer.Sql.csproj", "{B1198818-A821-4D75-806F-DE7E03CC5680}"
EndProject
Project("{FAE04EC0-301F-11D3-BF4B-00C04F79EFBC}") = "ddevernote.DataLayer.Sql.Tests", "ddevernote.DataLayer.Sql.Tests\ddevernote.DataLayer.Sql.Tests.csproj", "{F94C2FD6-70CF-40F1-B9DC-99667B75F713}"
EndProject
Global
	GlobalSection(SolutionConfigurationPlatforms) = preSolution
		Debug|Any CPU = Debug|Any CPU
		Release|Any CPU = Release|Any CPU
	EndGlobalSection
	GlobalSection(ProjectConfigurationPlatforms) = postSolution
		{0D967179-20FC-410D-BD51-6EDEF1384E00}.Debug|Any CPU.ActiveCfg = Debug|Any CPU
		{0D967179-20FC-410D-BD51-6EDEF1384E00}.Debug|Any CPU.Build.0 = Debug|Any CPU
		{0D967179-20FC-410D-BD51-6EDEF1384E00}.Release|Any CPU.ActiveCfg = Release|Any CPU
		{0D967179-20FC-410D-BD51-6EDEF1384E00}.Release|Any CPU.Build.0 = Release|Any CPU
		{8AEE7647-8724-4ABF-82D2-88D9FCE14F8D}.Debug|Any CPU.ActiveCfg = Debug|Any CPU
		{8AEE7647-8724-4ABF-82D2-88D9FCE14F8D}.Debug|Any CPU.Build.0 = Debug|Any CPU
		{8AEE7647-8724-4ABF-82D2-88D9FCE14F8D}.Release|Any CPU.ActiveCfg = Release|Any CPU
		{8AEE7647-8724-4ABF-82D2-88D9FCE14F8D}.Release|Any CPU.Build.0 = Release|Any CPU
		{B1198818-A821-4D75-806F-DE7E03CC5680}.Debug|Any CPU.ActiveCfg = Debug|Any CPU
		{B1198818-A821-4D75-806F-DE7E03CC5680}.Debug|Any CPU.Build.0 = Debug|Any CPU
		{B1198818-A821-4D75-806F-DE7E03CC5680}.Release|Any CPU.ActiveCfg = Release|Any CPU
		{B1198818-A821-4D75-806F-DE7E03CC5680}.Release|Any CPU.Build.0 = Release|Any CPU
		{F94C2FD6-70CF-40F1-B9DC-99667B75F713}.Debug|Any CPU.ActiveCfg = Debug|Any CPU
		{F94C2FD6-70CF-40F1-B9DC-99667B75F713}.Debug|Any CPU.Build.0 = Debug|Any CPU
		{F94C2FD6-70CF-40F1-B9DC-99667B75F713}.Release|Any CPU.ActiveCfg = Release|Any CPU
		{F94C2FD6-70CF-40F1-B9DC-99667B75F713}.Release|Any CPU.Build.0 = Release|Any CPU
	EndGlobalSection
	GlobalSection(SolutionProperties) = preSolution
		HideSolutionNode = FALSE
	EndGlobalSection
EndGlobal
